
Microsoft Visual Studio Solution File, Format Version 12.00
# Visual Studio Version 17
VisualStudioVersion = 17.7.34031.279
MinimumVisualStudioVersion = 10.0.40219.1
Project("{FAE04EC0-301F-11D3-BF4B-00C04F79EFBC}") = "Test-console-CNO", "Test-console-CNO\Test-console-CNO.csproj", "{585DB021-476C-4EDF-9A5B-F34B273C9548}"
EndProject
Global
	GlobalSection(SolutionConfigurationPlatforms) = preSolution
		Debug|Any CPU = Debug|Any CPU
		Release|Any CPU = Release|Any CPU
	EndGlobalSection
	GlobalSection(ProjectConfigurationPlatforms) = postSolution
		{585DB021-476C-4EDF-9A5B-F34B273C9548}.Debug|Any CPU.ActiveCfg = Debug|Any CPU
		{585DB021-476C-4EDF-9A5B-F34B273C9548}.Debug|Any CPU.Build.0 = Debug|Any CPU
		{585DB021-476C-4EDF-9A5B-F34B273C9548}.Release|Any CPU.ActiveCfg = Release|Any CPU
		{585DB021-476C-4EDF-9A5B-F34B273C9548}.Release|Any CPU.Build.0 = Release|Any CPU
	EndGlobalSection
	GlobalSection(SolutionProperties) = preSolution
		HideSolutionNode = FALSE
	EndGlobalSection
	GlobalSection(ExtensibilityGlobals) = postSolution
		SolutionGuid = {848747A0-961E-4B59-833F-2BC6C97F1A22}
	EndGlobalSection
EndGlobal
